{
  "name": "BabyUniversity",
  "lockfileVersion": 3,
  "requires": true,
  "packages": {
    "": {
      "dependencies": {
        "@expo-google-fonts/itim": "^0.2.3"
      }
    },
    "node_modules/@expo-google-fonts/itim": {
      "version": "0.2.3",
      "resolved": "https://registry.npmjs.org/@expo-google-fonts/itim/-/itim-0.2.3.tgz",
      "integrity": "sha512-CEUL9DlbsVs3FTYWM42CmCpSCF8DS+vommW84ZMMfxBXULRW9CQAGtu43A3jW1CsXf8LZDeBKDVOjd9Ks0Yuqg=="
    }
  }
}